
Microsoft Visual Studio Solution File, Format Version 12.00
# Visual Studio Version 16
VisualStudioVersion = 16.0.30225.117
MinimumVisualStudioVersion = 10.0.40219.1
Project("{FAE04EC0-301F-11D3-BF4B-00C04F79EFBC}") = "1Tutorial01", "1Tutorial01\1Tutorial01.csproj", "{7D80A295-91C0-4A7F-9E52-8816C9EA5130}"
EndProject
Global
	GlobalSection(SolutionConfigurationPlatforms) = preSolution
		Debug|Any CPU = Debug|Any CPU
		Release|Any CPU = Release|Any CPU
	EndGlobalSection
	GlobalSection(ProjectConfigurationPlatforms) = postSolution
		{7D80A295-91C0-4A7F-9E52-8816C9EA5130}.Debug|Any CPU.ActiveCfg = Debug|Any CPU
		{7D80A295-91C0-4A7F-9E52-8816C9EA5130}.Debug|Any CPU.Build.0 = Debug|Any CPU
		{7D80A295-91C0-4A7F-9E52-8816C9EA5130}.Release|Any CPU.ActiveCfg = Release|Any CPU
		{7D80A295-91C0-4A7F-9E52-8816C9EA5130}.Release|Any CPU.Build.0 = Release|Any CPU
	EndGlobalSection
	GlobalSection(SolutionProperties) = preSolution
		HideSolutionNode = FALSE
	EndGlobalSection
	GlobalSection(ExtensibilityGlobals) = postSolution
		SolutionGuid = {6F5985A1-8795-47B3-82F4-B2D5F10ABFAA}
	EndGlobalSection
EndGlobal
