
Microsoft Visual Studio Solution File, Format Version 12.00
# Visual Studio Version 16
VisualStudioVersion = 16.0.30225.117
MinimumVisualStudioVersion = 10.0.40219.1
Project("{FAE04EC0-301F-11D3-BF4B-00C04F79EFBC}") = "practical 1", "practical 1\practical 1.csproj", "{822E75D0-B381-4F8D-9D42-1D605F90DC32}"
EndProject
Global
	GlobalSection(SolutionConfigurationPlatforms) = preSolution
		Debug|Any CPU = Debug|Any CPU
		Release|Any CPU = Release|Any CPU
	EndGlobalSection
	GlobalSection(ProjectConfigurationPlatforms) = postSolution
		{822E75D0-B381-4F8D-9D42-1D605F90DC32}.Debug|Any CPU.ActiveCfg = Debug|Any CPU
		{822E75D0-B381-4F8D-9D42-1D605F90DC32}.Debug|Any CPU.Build.0 = Debug|Any CPU
		{822E75D0-B381-4F8D-9D42-1D605F90DC32}.Release|Any CPU.ActiveCfg = Release|Any CPU
		{822E75D0-B381-4F8D-9D42-1D605F90DC32}.Release|Any CPU.Build.0 = Release|Any CPU
	EndGlobalSection
	GlobalSection(SolutionProperties) = preSolution
		HideSolutionNode = FALSE
	EndGlobalSection
	GlobalSection(ExtensibilityGlobals) = postSolution
		SolutionGuid = {E224E652-3106-4EDD-B2DF-B534AB1DB6E2}
	EndGlobalSection
EndGlobal
